
Microsoft Visual Studio Solution File, Format Version 12.00
# Visual Studio Version 17
VisualStudioVersion = 17.1.32328.378
MinimumVisualStudioVersion = 10.0.40219.1
Project("{FAE04EC0-301F-11D3-BF4B-00C04F79EFBC}") = "zd5", "zd5\zd5.csproj", "{61A6DAD1-1AE0-4CF2-BF84-A25E85529152}"
EndProject
Global
	GlobalSection(SolutionConfigurationPlatforms) = preSolution
		Debug|Any CPU = Debug|Any CPU
		Release|Any CPU = Release|Any CPU
	EndGlobalSection
	GlobalSection(ProjectConfigurationPlatforms) = postSolution
		{61A6DAD1-1AE0-4CF2-BF84-A25E85529152}.Debug|Any CPU.ActiveCfg = Debug|Any CPU
		{61A6DAD1-1AE0-4CF2-BF84-A25E85529152}.Debug|Any CPU.Build.0 = Debug|Any CPU
		{61A6DAD1-1AE0-4CF2-BF84-A25E85529152}.Release|Any CPU.ActiveCfg = Release|Any CPU
		{61A6DAD1-1AE0-4CF2-BF84-A25E85529152}.Release|Any CPU.Build.0 = Release|Any CPU
	EndGlobalSection
	GlobalSection(SolutionProperties) = preSolution
		HideSolutionNode = FALSE
	EndGlobalSection
	GlobalSection(ExtensibilityGlobals) = postSolution
		SolutionGuid = {008BEBF5-F088-4D74-A994-8E8DE6F98B8B}
	EndGlobalSection
EndGlobal
